// !$*UTF8*$!
{
	archiveVersion = 1;
	classes = {
	};
	objectVersion = 46;
	objects = {

/* Begin PBXBuildFile section */
		B36642D71CF1FD02007516DC /* main.m in Sources */ = {isa = PBXBuildFile; fileRef = B36642D61CF1FD02007516DC /* main.m */; };
		B36642DA1CF1FD02007516DC /* AppDelegate.m in Sources */ = {isa = PBXBuildFile; fileRef = B36642D91CF1FD02007516DC /* AppDelegate.m */; };
		B36642DD1CF1FD02007516DC /* ViewController.m in Sources */ = {isa = PBXBuildFile; fileRef = B36642DC1CF1FD02007516DC /* ViewController.m */; };
		B36642E01CF1FD02007516DC /* Main.storyboard in Resources */ = {isa = PBXBuildFile; fileRef = B36642DE1CF1FD02007516DC /* Main.storyboard */; };
		B36642E21CF1FD02007516DC /* Assets.xcassets in Resources */ = {isa = PBXBuildFile; fileRef = B36642E11CF1FD02007516DC /* Assets.xcassets */; };
		B36642E51CF1FD02007516DC /* LaunchScreen.storyboard in Resources */ = {isa = PBXBuildFile; fileRef = B36642E31CF1FD02007516DC /* LaunchScreen.storyboard */; };
		B36642F01CF1FD02007516DC /* Sever_DataSourseUITests.m in Sources */ = {isa = PBXBuildFile; fileRef = B36642EF1CF1FD02007516DC /* Sever_DataSourseUITests.m */; };
/* End PBXBuildFile section */

/* Begin PBXContainerItemProxy section */
		B36642EC1CF1FD02007516DC /* PBXContainerItemProxy */ = {
			isa = PBXContainerItemProxy;
			containerPortal = B36642CA1CF1FD02007516DC /* Project object */;
			proxyType = 1;
			remoteGlobalIDString = B36642D11CF1FD02007516DC;
			remoteInfo = Sever_DataSourse;
		};
/* End PBXContainerItemProxy section */

/* Begin PBXFileReference section */
		B36642D21CF1FD02007516DC /* Sever_DataSourse.app */ = {isa = PBXFileReference; explicitFileType = wrapper.application; includeInIndex = 0; path = Sever_DataSourse.app; sourceTree = BUILT_PRODUCTS_DIR; };
		B36642D61CF1FD02007516DC /* main.m */ = {isa = PBXFileReference; lastKnownFileType = sourcecode.c.objc; path = main.m; sourceTree = "<group>"; };
		B36642D81CF1FD02007516DC /* AppDelegate.h */ = {isa = PBXFileReference; lastKnownFileType = sourcecode.c.h; path = AppDelegate.h; sourceTree = "<group>"; };
		B36642D91CF1FD02007516DC /* AppDelegate.m */ = {isa = PBXFileReference; lastKnownFileType = sourcecode.c.objc; path = AppDelegate.m; sourceTree = "<group>"; };
		B36642DB1CF1FD02007516DC /* ViewController.h */ = {isa = PBXFileReference; lastKnownFileType = sourcecode.c.h; path = ViewController.h; sourceTree = "<group>"; };
		B36642DC1CF1FD02007516DC /* ViewController.m */ = {isa = PBXFileReference; lastKnownFileType = sourcecode.c.objc; path = ViewController.m; sourceTree = "<group>"; };
		B36642DF1CF1FD02007516DC /* Base */ = {isa = PBXFileReference; lastKnownFileType = file.storyboard; name = Base; path = Base.lproj/Main.storyboard; sourceTree = "<group>"; };
		B36642E11CF1FD02007516DC /* Assets.xcassets */ = {isa = PBXFileReference; lastKnownFileType = folder.assetcatalog; path = Assets.xcassets; sourceTree = "<group>"; };
		B36642E41CF1FD02007516DC /* Base */ = {isa = PBXFileReference; lastKnownFileType = file.storyboard; name = Base; path = Base.lproj/LaunchScreen.storyboard; sourceTree = "<group>"; };
		B36642E61CF1FD02007516DC /* Info.plist */ = {isa = PBXFileReference; lastKnownFileType = text.plist.xml; path = Info.plist; sourceTree = "<group>"; };
		B36642EB1CF1FD02007516DC /* Sever_DataSourseUITests.xctest */ = {isa = PBXFileReference; explicitFileType = wrapper.cfbundle; includeInIndex = 0; path = Sever_DataSourseUITests.xctest; sourceTree = BUILT_PRODUCTS_DIR; };
		B36642EF1CF1FD02007516DC /* Sever_DataSourseUITests.m */ = {isa = PBXFileReference; lastKnownFileType = sourcecode.c.objc; path = Sever_DataSourseUITests.m; sourceTree = "<group>"; };
		B36642F11CF1FD02007516DC /* Info.plist */ = {isa = PBXFileReference; lastKnownFileType = text.plist.xml; path = Info.plist; sourceTree = "<group>"; };
/* End PBXFileReference section */

/* Begin PBXFrameworksBuildPhase section */
		B36642CF1CF1FD02007516DC /* Frameworks */ = {
			isa = PBXFrameworksBuildPhase;
			buildActionMask = 2147483647;
			files = (
			);
			runOnlyForDeploymentPostprocessing = 0;
		};
		B36642E81CF1FD02007516DC /* Frameworks */ = {
			isa = PBXFrameworksBuildPhase;
			buildActionMask = 2147483647;
			files = (
			);
			runOnlyForDeploymentPostprocessing = 0;
		};
/* End PBXFrameworksBuildPhase section */

/* Begin PBXGroup section */
		B36642C91CF1FD02007516DC = {
			isa = PBXGroup;
			children = (
				B36642D41CF1FD02007516DC /* Sever_DataSourse */,
				B36642EE1CF1FD02007516DC /* Sever_DataSourseUITests */,
				B36642D31CF1FD02007516DC /* Products */,
			);
			sourceTree = "<group>";
		};
		B36642D31CF1FD02007516DC /* Products */ = {
			isa = PBXGroup;
			children = (
				B36642D21CF1FD02007516DC /* Sever_DataSourse.app */,
				B36642EB1CF1FD02007516DC /* Sever_DataSourseUITests.xctest */,
			);
			name = Products;
			sourceTree = "<group>";
		};
		B36642D41CF1FD02007516DC /* Sever_DataSourse */ = {
			isa = PBXGroup;
			children = (
				B36642D81CF1FD02007516DC /* AppDelegate.h */,
				B36642D91CF1FD02007516DC /* AppDelegate.m */,
				B36642DB1CF1FD02007516DC /* ViewController.h */,
				B36642DC1CF1FD02007516DC /* ViewController.m */,
				B36642DE1CF1FD02007516DC /* Main.storyboard */,
				B36642E11CF1FD02007516DC /* Assets.xcassets */,
				B36642E31CF1FD02007516DC /* LaunchScreen.storyboard */,
				B36642E61CF1FD02007516DC /* Info.plist */,
				B36642D51CF1FD02007516DC /* Supporting Files */,
			);
			path = Sever_DataSourse;
			sourceTree = "<group>";
		};
		B36642D51CF1FD02007516DC /* Supporting Files */ = {
			isa = PBXGroup;
			children = (
				B36642D61CF1FD02007516DC /* main.m */,
			);
			name = "Supporting Files";
			sourceTree = "<group>";
		};
		B36642EE1CF1FD02007516DC /* Sever_DataSourseUITests */ = {
			isa = PBXGroup;
			children = (
				B36642EF1CF1FD02007516DC /* Sever_DataSourseUITests.m */,
				B36642F11CF1FD02007516DC /* Info.plist */,
			);
			path = Sever_DataSourseUITests;
			sourceTree = "<group>";
		};
/* End PBXGroup section */

/* Begin PBXNativeTarget section */
		B36642D11CF1FD02007516DC /* Sever_DataSourse */ = {
			isa = PBXNativeTarget;
			buildConfigurationList = B36642F41CF1FD02007516DC /* Build configuration list for PBXNativeTarget "Sever_DataSourse" */;
			buildPhases = (
				B36642CE1CF1FD02007516DC /* Sources */,
				B36642CF1CF1FD02007516DC /* Frameworks */,
				B36642D01CF1FD02007516DC /* Resources */,
			);
			buildRules = (
			);
			dependencies = (
			);
			name = Sever_DataSourse;
			productName = Sever_DataSourse;
			productReference = B36642D21CF1FD02007516DC /* Sever_DataSourse.app */;
			productType = "com.apple.product-type.application";
		};
		B36642EA1CF1FD02007516DC /* Sever_DataSourseUITests */ = {
			isa = PBXNativeTarget;
			buildConfigurationList = B36642F71CF1FD02007516DC /* Build configuration list for PBXNativeTarget "Sever_DataSourseUITests" */;
			buildPhases = (
				B36642E71CF1FD02007516DC /* Sources */,
				B36642E81CF1FD02007516DC /* Frameworks */,
				B36642E91CF1FD02007516DC /* Resources */,
			);
			buildRules = (
			);
			dependencies = (
				B36642ED1CF1FD02007516DC /* PBXTargetDependency */,
			);
			name = Sever_DataSourseUITests;
			productName = Sever_DataSourseUITests;
			productReference = B36642EB1CF1FD02007516DC /* Sever_DataSourseUITests.xctest */;
			productType = "com.apple.product-type.bundle.ui-testing";
		};
/* End PBXNativeTarget section */

/* Begin PBXProject section */
		B36642CA1CF1FD02007516DC /* Project object */ = {
			isa = PBXProject;
			attributes = {
				LastUpgradeCheck = 0730;
				ORGANIZATIONNAME = "蒋永昌";
				TargetAttributes = {
					B36642D11CF1FD02007516DC = {
						CreatedOnToolsVersion = 7.3;
						DevelopmentTeam = UWB7CQJ448;
					};
					B36642EA1CF1FD02007516DC = {
						CreatedOnToolsVersion = 7.3;
						DevelopmentTeam = UWB7CQJ448;
						TestTargetID = B36642D11CF1FD02007516DC;
					};
				};
			};
			buildConfigurationList = B36642CD1CF1FD02007516DC /* Build configuration list for PBXProject "Sever_DataSourse" */;
			compatibilityVersion = "Xcode 3.2";
			developmentRegion = English;
			hasScannedForEncodings = 0;
			knownRegions = (
				en,
				Base,
			);
			mainGroup = B36642C91CF1FD02007516DC;
			productRefGroup = B36642D31CF1FD02007516DC /* Products */;
			projectDirPath = "";
			projectRoot = "";
			targets = (
				B36642D11CF1FD02007516DC /* Sever_DataSourse */,
				B36642EA1CF1FD02007516DC /* Sever_DataSourseUITests */,
			);
		};
/* End PBXProject section */

/* Begin PBXResourcesBuildPhase section */
		B36642D01CF1FD02007516DC /* Resources */ = {
			isa = PBXResourcesBuildPhase;
			buildActionMask = 2147483647;
			files = (
				B36642E51CF1FD02007516DC /* LaunchScreen.storyboard in Resources */,
				B36642E21CF1FD02007516DC /* Assets.xcassets in Resources */,
				B36642E01CF1FD02007516DC /* Main.storyboard in Resources */,
			);
			runOnlyForDeploymentPostprocessing = 0;
		};
		B36642E91CF1FD02007516DC /* Resources */ = {
			isa = PBXResourcesBuildPhase;
			buildActionMask = 2147483647;
			files = (
			);
			runOnlyForDeploymentPostprocessing = 0;
		};
/* End PBXResourcesBuildPhase section */

/* Begin PBXSourcesBuildPhase section */
		B36642CE1CF1FD02007516DC /* Sources */ = {
			isa = PBXSourcesBuildPhase;
			buildActionMask = 2147483647;
			files = (
				B36642DD1CF1FD02007516DC /* ViewController.m in Sources */,
				B36642DA1CF1FD02007516DC /* AppDelegate.m in Sources */,
				B36642D71CF1FD02007516DC /* main.m in Sources */,
			);
			runOnlyForDeploymentPostprocessing = 0;
		};
		B36642E71CF1FD02007516DC /* Sources */ = {
			isa = PBXSourcesBuildPhase;
			buildActionMask = 2147483647;
			files = (
				B36642F01CF1FD02007516DC /* Sever_DataSourseUITests.m in Sources */,
			);
			runOnlyForDeploymentPostprocessing = 0;
		};
/* End PBXSourcesBuildPhase section */

/* Begin PBXTargetDependency section */
		B36642ED1CF1FD02007516DC /* PBXTargetDependency */ = {
			isa = PBXTargetDependency;
			target = B36642D11CF1FD02007516DC /* Sever_DataSourse */;
			targetProxy = B36642EC1CF1FD02007516DC /* PBXContainerItemProxy */;
		};
/* End PBXTargetDependency section */

/* Begin PBXVariantGroup section */
		B36642DE1CF1FD02007516DC /* Main.storyboard */ = {
			isa = PBXVariantGroup;
			children = (
				B36642DF1CF1FD02007516DC /* Base */,
			);
			name = Main.storyboard;
			sourceTree = "<group>";
		};
		B36642E31CF1FD02007516DC /* LaunchScreen.storyboard */ = {
			isa = PBXVariantGroup;
			children = (
				B36642E41CF1FD02007516DC /* Base */,
			);
			name = LaunchScreen.storyboard;
			sourceTree = "<group>";
		};
/* End PBXVariantGroup section */

/* Begin XCBuildConfiguration section */
		B36642F21CF1FD02007516DC /* Debug */ = {
			isa = XCBuildConfiguration;
			buildSettings = {
				ALWAYS_SEARCH_USER_PATHS = NO;
				CLANG_ANALYZER_NONNULL = YES;
				CLANG_CXX_LANGUAGE_STANDARD = "gnu++0x";
				CLANG_CXX_LIBRARY = "libc++";
				CLANG_ENABLE_MODULES = YES;
				CLANG_ENABLE_OBJC_ARC = YES;
				CLANG_WARN_BOOL_CONVERSION = YES;
				CLANG_WARN_CONSTANT_CONVERSION = YES;
				CLANG_WARN_DIRECT_OBJC_ISA_USAGE = YES_ERROR;
				CLANG_WARN_EMPTY_BODY = YES;
				CLANG_WARN_ENUM_CONVERSION = YES;
				CLANG_WARN_INT_CONVERSION = YES;
				CLANG_WARN_OBJC_ROOT_CLASS = YES_ERROR;
				CLANG_WARN_UNREACHABLE_CODE = YES;
				CLANG_WARN__DUPLICATE_METHOD_MATCH = YES;
				"CODE_SIGN_IDENTITY[sdk=iphoneos*]" = "iPhone Developer";
				COPY_PHASE_STRIP = NO;
				DEBUG_INFORMATION_FORMAT = dwarf;
				ENABLE_STRICT_OBJC_MSGSEND = YES;
				ENABLE_TESTABILITY = YES;
				GCC_C_LANGUAGE_STANDARD = gnu99;
				GCC_DYNAMIC_NO_PIC = NO;
				GCC_NO_COMMON_BLOCKS = YES;
				GCC_OPTIMIZATION_LEVEL = 0;
				GCC_PREPROCESSOR_DEFINITIONS = (
					"DEBUG=1",
					"$(inherited)",
				);
				GCC_WARN_64_TO_32_BIT_CONVERSION = YES;
				GCC_WARN_ABOUT_RETURN_TYPE = YES_ERROR;
				GCC_WARN_UNDECLARED_SELECTOR = YES;
				GCC_WARN_UNINITIALIZED_AUTOS = YES_AGGRESSIVE;
				GCC_WARN_UNUSED_FUNCTION = YES;
				GCC_WARN_UNUSED_VARIABLE = YES;
				IPHONEOS_DEPLOYMENT_TARGET = 9.3;
				MTL_ENABLE_DEBUG_INFO = YES;
				ONLY_ACTIVE_ARCH = YES;
				SDKROOT = iphoneos;
				TARGETED_DEVICE_FAMILY = "1,2";
			};
			name = Debug;
		};
		B36642F31CF1FD02007516DC /* Release */ = {
			isa = XCBuildConfiguration;
			buildSettings = {
				ALWAYS_SEARCH_USER_PATHS = NO;
				CLANG_ANALYZER_NONNULL = YES;
				CLANG_CXX_LANGUAGE_STANDARD = "gnu++0x";
				CLANG_CXX_LIBRARY = "libc++";
				CLANG_ENABLE_MODULES = YES;
				CLANG_ENABLE_OBJC_ARC = YES;
				CLANG_WARN_BOOL_CONVERSION = YES;
				CLANG_WARN_CONSTANT_CONVERSION = YES;
				CLANG_WARN_DIRECT_OBJC_ISA_USAGE = YES_ERROR;
				CLANG_WARN_EMPTY_BODY = YES;
				CLANG_WARN_ENUM_CONVERSION = YES;
				CLANG_WARN_INT_CONVERSION = YES;
				CLANG_WARN_OBJC_ROOT_CLASS = YES_ERROR;
				CLANG_WARN_UNREACHABLE_CODE = YES;
				CLANG_WARN__DUPLICATE_METHOD_MATCH = YES;
				"CODE_SIGN_IDENTITY[sdk=iphoneos*]" = "iPhone Developer";
				COPY_PHASE_STRIP = NO;
				DEBUG_INFORMATION_FORMAT = "dwarf-with-dsym";
				ENABLE_NS_ASSERTIONS = NO;
				ENABLE_STRICT_OBJC_MSGSEND = YES;
				GCC_C_LANGUAGE_STANDARD = gnu99;
				GCC_NO_COMMON_BLOCKS = YES;
				GCC_WARN_64_TO_32_BIT_CONVERSION = YES;
				GCC_WARN_ABOUT_RETURN_TYPE = YES_ERROR;
				GCC_WARN_UNDECLARED_SELECTOR = YES;
				GCC_WARN_UNINITIALIZED_AUTOS = YES_AGGRESSIVE;
				GCC_WARN_UNUSED_FUNCTION = YES;
				GCC_WARN_UNUSED_VARIABLE = YES;
				IPHONEOS_DEPLOYMENT_TARGET = 9.3;
				MTL_ENABLE_DEBUG_INFO = NO;
				SDKROOT = iphoneos;
				TARGETED_DEVICE_FAMILY = "1,2";
				VALIDATE_PRODUCT = YES;
			};
			name = Release;
		};
		B36642F51CF1FD02007516DC /* Debug */ = {
			isa = XCBuildConfiguration;
			buildSettings = {
				ASSETCATALOG_COMPILER_APPICON_NAME = AppIcon;
				INFOPLIST_FILE = Sever_DataSourse/Info.plist;
				LD_RUNPATH_SEARCH_PATHS = "$(inherited) @executable_path/Frameworks";
				PRODUCT_BUNDLE_IDENTIFIER = "jiangyongchang.Sever-DataSourse";
				PRODUCT_NAME = "$(TARGET_NAME)";
			};
			name = Debug;
		};
		B36642F61CF1FD02007516DC /* Release */ = {
			isa = XCBuildConfiguration;
			buildSettings = {
				ASSETCATALOG_COMPILER_APPICON_NAME = AppIcon;
				INFOPLIST_FILE = Sever_DataSourse/Info.plist;
				LD_RUNPATH_SEARCH_PATHS = "$(inherited) @executable_path/Frameworks";
				PRODUCT_BUNDLE_IDENTIFIER = "jiangyongchang.Sever-DataSourse";
				PRODUCT_NAME = "$(TARGET_NAME)";
			};
			name = Release;
		};
		B36642F81CF1FD02007516DC /* Debug */ = {
			isa = XCBuildConfiguration;
			buildSettings = {
				INFOPLIST_FILE = Sever_DataSourseUITests/Info.plist;
				LD_RUNPATH_SEARCH_PATHS = "$(inherited) @executable_path/Frameworks @loader_path/Frameworks";
				PRODUCT_BUNDLE_IDENTIFIER = "jiangyongchang.Sever-DataSourseUITests";
				PRODUCT_NAME = "$(TARGET_NAME)";
				TEST_TARGET_NAME = Sever_DataSourse;
			};
			name = Debug;
		};
		B36642F91CF1FD02007516DC /* Release */ = {
			isa = XCBuildConfiguration;
			buildSettings = {
				INFOPLIST_FILE = Sever_DataSourseUITests/Info.plist;
				LD_RUNPATH_SEARCH_PATHS = "$(inherited) @executable_path/Frameworks @loader_path/Frameworks";
				PRODUCT_BUNDLE_IDENTIFIER = "jiangyongchang.Sever-DataSourseUITests";
				PRODUCT_NAME = "$(TARGET_NAME)";
				TEST_TARGET_NAME = Sever_DataSourse;
			};
			name = Release;
		};
/* End XCBuildConfiguration section */

/* Begin XCConfigurationList section */
		B36642CD1CF1FD02007516DC /* Build configuration list for PBXProject "Sever_DataSourse" */ = {
			isa = XCConfigurationList;
			buildConfigurations = (
				B36642F21CF1FD02007516DC /* Debug */,
				B36642F31CF1FD02007516DC /* Release */,
			);
			defaultConfigurationIsVisible = 0;
			defaultConfigurationName = Release;
		};
		B36642F41CF1FD02007516DC /* Build configuration list for PBXNativeTarget "Sever_DataSourse" */ = {
			isa = XCConfigurationList;
			buildConfigurations = (
				B36642F51CF1FD02007516DC /* Debug */,
				B36642F61CF1FD02007516DC /* Release */,
			);
			defaultConfigurationIsVisible = 0;
		};
		B36642F71CF1FD02007516DC /* Build configuration list for PBXNativeTarget "Sever_DataSourseUITests" */ = {
			isa = XCConfigurationList;
			buildConfigurations = (
				B36642F81CF1FD02007516DC /* Debug */,
				B36642F91CF1FD02007516DC /* Release */,
			);
			defaultConfigurationIsVisible = 0;
		};
/* End XCConfigurationList section */
	};
	rootObject = B36642CA1CF1FD02007516DC /* Project object */;
}
